
Microsoft Visual Studio Solution File, Format Version 12.00
# Visual Studio Version 17
VisualStudioVersion = 17.14.36203.30 d17.14
MinimumVisualStudioVersion = 10.0.40219.1
Project("{54A90642-561A-4BB1-A94E-469ADEE60C69}") = "realstate-service-system.client", "realstate-service-system.client\realstate-service-system.client.esproj", "{6B021716-137D-A3E8-35AF-81C770BF074A}"
EndProject
Project("{FAE04EC0-301F-11D3-BF4B-00C04F79EFBC}") = "realstate-service-system.Server", "realstate-service-system.Server\realstate-service-system.Server.csproj", "{A751DDC4-9A37-4838-8C4D-CEA7CCB1B7C7}"
EndProject
Global
	GlobalSection(SolutionConfigurationPlatforms) = preSolution
		Debug|Any CPU = Debug|Any CPU
		Release|Any CPU = Release|Any CPU
	EndGlobalSection
	GlobalSection(ProjectConfigurationPlatforms) = postSolution
		{6B021716-137D-A3E8-35AF-81C770BF074A}.Debug|Any CPU.ActiveCfg = Debug|Any CPU
		{6B021716-137D-A3E8-35AF-81C770BF074A}.Debug|Any CPU.Build.0 = Debug|Any CPU
		{6B021716-137D-A3E8-35AF-81C770BF074A}.Debug|Any CPU.Deploy.0 = Debug|Any CPU
		{6B021716-137D-A3E8-35AF-81C770BF074A}.Release|Any CPU.ActiveCfg = Release|Any CPU
		{6B021716-137D-A3E8-35AF-81C770BF074A}.Release|Any CPU.Build.0 = Release|Any CPU
		{6B021716-137D-A3E8-35AF-81C770BF074A}.Release|Any CPU.Deploy.0 = Release|Any CPU
		{A751DDC4-9A37-4838-8C4D-CEA7CCB1B7C7}.Debug|Any CPU.ActiveCfg = Debug|Any CPU
		{A751DDC4-9A37-4838-8C4D-CEA7CCB1B7C7}.Debug|Any CPU.Build.0 = Debug|Any CPU
		{A751DDC4-9A37-4838-8C4D-CEA7CCB1B7C7}.Release|Any CPU.ActiveCfg = Release|Any CPU
		{A751DDC4-9A37-4838-8C4D-CEA7CCB1B7C7}.Release|Any CPU.Build.0 = Release|Any CPU
	EndGlobalSection
	GlobalSection(SolutionProperties) = preSolution
		HideSolutionNode = FALSE
	EndGlobalSection
	GlobalSection(ExtensibilityGlobals) = postSolution
		SolutionGuid = {B5CBA95D-5FA2-4BC8-9963-364EFE7F2BA4}
	EndGlobalSection
EndGlobal
